
Microsoft Visual Studio Solution File, Format Version 12.00
# Visual Studio Version 16
VisualStudioVersion = 16.0.30413.136
MinimumVisualStudioVersion = 10.0.40219.1
Project("{FAE04EC0-301F-11D3-BF4B-00C04F79EFBC}") = "ERP_Logistics", "ERP_Logistics.csproj", "{373C1A57-B880-40AD-8E8C-C5A883B77C44}"
EndProject
Global
	GlobalSection(SolutionConfigurationPlatforms) = preSolution
		Debug|Any CPU = Debug|Any CPU
		Release|Any CPU = Release|Any CPU
	EndGlobalSection
	GlobalSection(ProjectConfigurationPlatforms) = postSolution
		{373C1A57-B880-40AD-8E8C-C5A883B77C44}.Debug|Any CPU.ActiveCfg = Debug|Any CPU
		{373C1A57-B880-40AD-8E8C-C5A883B77C44}.Debug|Any CPU.Build.0 = Debug|Any CPU
		{373C1A57-B880-40AD-8E8C-C5A883B77C44}.Release|Any CPU.ActiveCfg = Release|Any CPU
		{373C1A57-B880-40AD-8E8C-C5A883B77C44}.Release|Any CPU.Build.0 = Release|Any CPU
	EndGlobalSection
	GlobalSection(SolutionProperties) = preSolution
		HideSolutionNode = FALSE
	EndGlobalSection
	GlobalSection(ExtensibilityGlobals) = postSolution
		SolutionGuid = {789F3E4A-67FB-4BF2-8A4E-41751DCFA046}
	EndGlobalSection
EndGlobal
